{
  "name": "@opencircuit/engine-spike",
  "version": "1.0.0",
  "lockfileVersion": 3,
  "requires": true,
  "packages": {
    "": {
      "name": "@opencircuit/engine-spike",
      "version": "1.0.0",
      "dependencies": {
        "eecircuit-engine": "1.7.0"
      }
    },
    "node_modules/eecircuit-engine": {
      "version": "1.7.0",
      "resolved": "https://registry.npmjs.org/eecircuit-engine/-/eecircuit-engine-1.7.0.tgz",
      "integrity": "sha512-ZDpr/w/H81uCH3n2vjf0vohxOQqQ4NCsvaXkoYwcH+LCxIGKpBdvAIvGN5IdozW6AFJ8tojquKvDya3337yjSQ==",
      "license": "MIT"
    }
  }
}
