{
  "name": "opencircuit",
  "version": "1.0.0",
  "lockfileVersion": 3,
  "requires": true,
  "packages": {
    "": {
      "name": "opencircuit",
      "version": "1.0.0",
      "license": "ISC",
      "dependencies": {
        "@o.z/ngspice-wasm": "^0.0.0",
        "eecircuit-engine": "^1.7.0"
      }
    },
    "node_modules/@o.z/ngspice-wasm": {
      "version": "0.0.0",
      "resolved": "https://registry.npmjs.org/@o.z/ngspice-wasm/-/ngspice-wasm-0.0.0.tgz",
      "integrity": "sha512-KEhzzO+jIMGiRa4U4NDe0Bra3ygc52thPQtVsGPxMAWQ3LnTam2Jzcv+hTQAYaojLtOsWDVq/DZn64m8SwDPSg==",
      "license": "BSD-3-Clause",
      "engines": {
        "node": ">=18.0.0",
        "npm": ">=8.0.0"
      },
      "funding": {
        "type": "github",
        "url": "https://github.com/sponsors/zero-red-dev"
      }
    },
    "node_modules/eecircuit-engine": {
      "version": "1.7.0",
      "resolved": "https://registry.npmjs.org/eecircuit-engine/-/eecircuit-engine-1.7.0.tgz",
      "integrity": "sha512-ZDpr/w/H81uCH3n2vjf0vohxOQqQ4NCsvaXkoYwcH+LCxIGKpBdvAIvGN5IdozW6AFJ8tojquKvDya3337yjSQ==",
      "license": "MIT"
    }
  }
}
